
Microsoft Visual Studio Solution File, Format Version 12.00
# Visual Studio Version 16
VisualStudioVersion = 16.0.28922.388
MinimumVisualStudioVersion = 10.0.40219.1
Project("{8BC9CEB8-8B4A-11D0-8D11-00A0C91BC942}") = "WindowsProject1", "WindowsProject1\WindowsProject1.vcxproj", "{95759773-4824-4A49-84BC-1913FAB6EA14}"
EndProject
Global
	GlobalSection(SolutionConfigurationPlatforms) = preSolution
		Debug|x64 = Debug|x64
		Debug|x86 = Debug|x86
		Release|x64 = Release|x64
		Release|x86 = Release|x86
	EndGlobalSection
	GlobalSection(ProjectConfigurationPlatforms) = postSolution
		{95759773-4824-4A49-84BC-1913FAB6EA14}.Debug|x64.ActiveCfg = Debug|x64
		{95759773-4824-4A49-84BC-1913FAB6EA14}.Debug|x64.Build.0 = Debug|x64
		{95759773-4824-4A49-84BC-1913FAB6EA14}.Debug|x86.ActiveCfg = Debug|Win32
		{95759773-4824-4A49-84BC-1913FAB6EA14}.Debug|x86.Build.0 = Debug|Win32
		{95759773-4824-4A49-84BC-1913FAB6EA14}.Release|x64.ActiveCfg = Release|x64
		{95759773-4824-4A49-84BC-1913FAB6EA14}.Release|x64.Build.0 = Release|x64
		{95759773-4824-4A49-84BC-1913FAB6EA14}.Release|x86.ActiveCfg = Release|Win32
		{95759773-4824-4A49-84BC-1913FAB6EA14}.Release|x86.Build.0 = Release|Win32
	EndGlobalSection
	GlobalSection(SolutionProperties) = preSolution
		HideSolutionNode = FALSE
	EndGlobalSection
	GlobalSection(ExtensibilityGlobals) = postSolution
		SolutionGuid = {497154F2-967F-4F61-96AA-1B8E68396ED9}
	EndGlobalSection
EndGlobal
